// !$*UTF8*$!
{
	archiveVersion = 1;
	classes = {
	};
	objectVersion = 46;
	objects = {

/* Begin PBXBuildFile section */
		FF57C9151B666D1B00157705 /* AppDelegate.swift in Sources */ = {isa = PBXBuildFile; fileRef = FF57C9141B666D1B00157705 /* AppDelegate.swift */; };
		FF57C9171B666D1B00157705 /* ViewController.swift in Sources */ = {isa = PBXBuildFile; fileRef = FF57C9161B666D1B00157705 /* ViewController.swift */; };
		FF57C91A1B666D1B00157705 /* Main.storyboard in Resources */ = {isa = PBXBuildFile; fileRef = FF57C9181B666D1B00157705 /* Main.storyboard */; };
		FF57C91C1B666D1B00157705 /* Images.xcassets in Resources */ = {isa = PBXBuildFile; fileRef = FF57C91B1B666D1B00157705 /* Images.xcassets */; };
		FF57C91F1B666D1B00157705 /* LaunchScreen.xib in Resources */ = {isa = PBXBuildFile; fileRef = FF57C91D1B666D1B00157705 /* LaunchScreen.xib */; };
		FF57C92B1B666D1B00157705 /* QMIdiomTests.swift in Sources */ = {isa = PBXBuildFile; fileRef = FF57C92A1B666D1B00157705 /* QMIdiomTests.swift */; };
		FF848A771B67B70E00C7117D /* QiMENG.QMCapture.db in Resources */ = {isa = PBXBuildFile; fileRef = FF848A761B67B70E00C7117D /* QiMENG.QMCapture.db */; };
/* End PBXBuildFile section */

/* Begin PBXContainerItemProxy section */
		FF57C9251B666D1B00157705 /* PBXContainerItemProxy */ = {
			isa = PBXContainerItemProxy;
			containerPortal = FF57C9071B666D1B00157705 /* Project object */;
			proxyType = 1;
			remoteGlobalIDString = FF57C90E1B666D1B00157705;
			remoteInfo = QMIdiom;
		};
/* End PBXContainerItemProxy section */

/* Begin PBXFileReference section */
		FF57C90F1B666D1B00157705 /* QMIdiom.app */ = {isa = PBXFileReference; explicitFileType = wrapper.application; includeInIndex = 0; path = QMIdiom.app; sourceTree = BUILT_PRODUCTS_DIR; };
		FF57C9131B666D1B00157705 /* Info.plist */ = {isa = PBXFileReference; lastKnownFileType = text.plist.xml; path = Info.plist; sourceTree = "<group>"; };
		FF57C9141B666D1B00157705 /* AppDelegate.swift */ = {isa = PBXFileReference; lastKnownFileType = sourcecode.swift; path = AppDelegate.swift; sourceTree = "<group>"; };
		FF57C9161B666D1B00157705 /* ViewController.swift */ = {isa = PBXFileReference; lastKnownFileType = sourcecode.swift; path = ViewController.swift; sourceTree = "<group>"; };
		FF57C9191B666D1B00157705 /* Base */ = {isa = PBXFileReference; lastKnownFileType = file.storyboard; name = Base; path = Base.lproj/Main.storyboard; sourceTree = "<group>"; };
		FF57C91B1B666D1B00157705 /* Images.xcassets */ = {isa = PBXFileReference; lastKnownFileType = folder.assetcatalog; path = Images.xcassets; sourceTree = "<group>"; };
		FF57C91E1B666D1B00157705 /* Base */ = {isa = PBXFileReference; lastKnownFileType = file.xib; name = Base; path = Base.lproj/LaunchScreen.xib; sourceTree = "<group>"; };
		FF57C9241B666D1B00157705 /* QMIdiomTests.xctest */ = {isa = PBXFileReference; explicitFileType = wrapper.cfbundle; includeInIndex = 0; path = QMIdiomTests.xctest; sourceTree = BUILT_PRODUCTS_DIR; };
		FF57C9291B666D1B00157705 /* Info.plist */ = {isa = PBXFileReference; lastKnownFileType = text.plist.xml; path = Info.plist; sourceTree = "<group>"; };
		FF57C92A1B666D1B00157705 /* QMIdiomTests.swift */ = {isa = PBXFileReference; lastKnownFileType = sourcecode.swift; path = QMIdiomTests.swift; sourceTree = "<group>"; };
		FF848A761B67B70E00C7117D /* QiMENG.QMCapture.db */ = {isa = PBXFileReference; lastKnownFileType = file; path = QiMENG.QMCapture.db; sourceTree = "<group>"; };
/* End PBXFileReference section */

/* Begin PBXFrameworksBuildPhase section */
		FF57C90C1B666D1B00157705 /* Frameworks */ = {
			isa = PBXFrameworksBuildPhase;
			buildActionMask = 2147483647;
			files = (
			);
			runOnlyForDeploymentPostprocessing = 0;
		};
		FF57C9211B666D1B00157705 /* Frameworks */ = {
			isa = PBXFrameworksBuildPhase;
			buildActionMask = 2147483647;
			files = (
			);
			runOnlyForDeploymentPostprocessing = 0;
		};
/* End PBXFrameworksBuildPhase section */

/* Begin PBXGroup section */
		FF57C9061B666D1B00157705 = {
			isa = PBXGroup;
			children = (
				FF57C9111B666D1B00157705 /* QMIdiom */,
				FF57C9271B666D1B00157705 /* QMIdiomTests */,
				FF57C9101B666D1B00157705 /* Products */,
			);
			sourceTree = "<group>";
		};
		FF57C9101B666D1B00157705 /* Products */ = {
			isa = PBXGroup;
			children = (
				FF57C90F1B666D1B00157705 /* QMIdiom.app */,
				FF57C9241B666D1B00157705 /* QMIdiomTests.xctest */,
			);
			name = Products;
			sourceTree = "<group>";
		};
		FF57C9111B666D1B00157705 /* QMIdiom */ = {
			isa = PBXGroup;
			children = (
				FF848A761B67B70E00C7117D /* QiMENG.QMCapture.db */,
				FF57C9141B666D1B00157705 /* AppDelegate.swift */,
				FF57C9161B666D1B00157705 /* ViewController.swift */,
				FF57C9181B666D1B00157705 /* Main.storyboard */,
				FF57C91B1B666D1B00157705 /* Images.xcassets */,
				FF57C91D1B666D1B00157705 /* LaunchScreen.xib */,
				FF57C9121B666D1B00157705 /* Supporting Files */,
			);
			path = QMIdiom;
			sourceTree = "<group>";
		};
		FF57C9121B666D1B00157705 /* Supporting Files */ = {
			isa = PBXGroup;
			children = (
				FF57C9131B666D1B00157705 /* Info.plist */,
			);
			name = "Supporting Files";
			sourceTree = "<group>";
		};
		FF57C9271B666D1B00157705 /* QMIdiomTests */ = {
			isa = PBXGroup;
			children = (
				FF57C92A1B666D1B00157705 /* QMIdiomTests.swift */,
				FF57C9281B666D1B00157705 /* Supporting Files */,
			);
			path = QMIdiomTests;
			sourceTree = "<group>";
		};
		FF57C9281B666D1B00157705 /* Supporting Files */ = {
			isa = PBXGroup;
			children = (
				FF57C9291B666D1B00157705 /* Info.plist */,
			);
			name = "Supporting Files";
			sourceTree = "<group>";
		};
/* End PBXGroup section */

/* Begin PBXNativeTarget section */
		FF57C90E1B666D1B00157705 /* QMIdiom */ = {
			isa = PBXNativeTarget;
			buildConfigurationList = FF57C92E1B666D1B00157705 /* Build configuration list for PBXNativeTarget "QMIdiom" */;
			buildPhases = (
				FF57C90B1B666D1B00157705 /* Sources */,
				FF57C90C1B666D1B00157705 /* Frameworks */,
				FF57C90D1B666D1B00157705 /* Resources */,
			);
			buildRules = (
			);
			dependencies = (
			);
			name = QMIdiom;
			productName = QMIdiom;
			productReference = FF57C90F1B666D1B00157705 /* QMIdiom.app */;
			productType = "com.apple.product-type.application";
		};
		FF57C9231B666D1B00157705 /* QMIdiomTests */ = {
			isa = PBXNativeTarget;
			buildConfigurationList = FF57C9311B666D1B00157705 /* Build configuration list for PBXNativeTarget "QMIdiomTests" */;
			buildPhases = (
				FF57C9201B666D1B00157705 /* Sources */,
				FF57C9211B666D1B00157705 /* Frameworks */,
				FF57C9221B666D1B00157705 /* Resources */,
			);
			buildRules = (
			);
			dependencies = (
				FF57C9261B666D1B00157705 /* PBXTargetDependency */,
			);
			name = QMIdiomTests;
			productName = QMIdiomTests;
			productReference = FF57C9241B666D1B00157705 /* QMIdiomTests.xctest */;
			productType = "com.apple.product-type.bundle.unit-test";
		};
/* End PBXNativeTarget section */

/* Begin PBXProject section */
		FF57C9071B666D1B00157705 /* Project object */ = {
			isa = PBXProject;
			attributes = {
				LastUpgradeCheck = 0640;
				ORGANIZATIONNAME = QiMENG;
				TargetAttributes = {
					FF57C90E1B666D1B00157705 = {
						CreatedOnToolsVersion = 6.4;
					};
					FF57C9231B666D1B00157705 = {
						CreatedOnToolsVersion = 6.4;
						TestTargetID = FF57C90E1B666D1B00157705;
					};
				};
			};
			buildConfigurationList = FF57C90A1B666D1B00157705 /* Build configuration list for PBXProject "QMIdiom" */;
			compatibilityVersion = "Xcode 3.2";
			developmentRegion = English;
			hasScannedForEncodings = 0;
			knownRegions = (
				en,
				Base,
			);
			mainGroup = FF57C9061B666D1B00157705;
			productRefGroup = FF57C9101B666D1B00157705 /* Products */;
			projectDirPath = "";
			projectRoot = "";
			targets = (
				FF57C90E1B666D1B00157705 /* QMIdiom */,
				FF57C9231B666D1B00157705 /* QMIdiomTests */,
			);
		};
/* End PBXProject section */

/* Begin PBXResourcesBuildPhase section */
		FF57C90D1B666D1B00157705 /* Resources */ = {
			isa = PBXResourcesBuildPhase;
			buildActionMask = 2147483647;
			files = (
				FF848A771B67B70E00C7117D /* QiMENG.QMCapture.db in Resources */,
				FF57C91A1B666D1B00157705 /* Main.storyboard in Resources */,
				FF57C91F1B666D1B00157705 /* LaunchScreen.xib in Resources */,
				FF57C91C1B666D1B00157705 /* Images.xcassets in Resources */,
			);
			runOnlyForDeploymentPostprocessing = 0;
		};
		FF57C9221B666D1B00157705 /* Resources */ = {
			isa = PBXResourcesBuildPhase;
			buildActionMask = 2147483647;
			files = (
			);
			runOnlyForDeploymentPostprocessing = 0;
		};
/* End PBXResourcesBuildPhase section */

/* Begin PBXSourcesBuildPhase section */
		FF57C90B1B666D1B00157705 /* Sources */ = {
			isa = PBXSourcesBuildPhase;
			buildActionMask = 2147483647;
			files = (
				FF57C9171B666D1B00157705 /* ViewController.swift in Sources */,
				FF57C9151B666D1B00157705 /* AppDelegate.swift in Sources */,
			);
			runOnlyForDeploymentPostprocessing = 0;
		};
		FF57C9201B666D1B00157705 /* Sources */ = {
			isa = PBXSourcesBuildPhase;
			buildActionMask = 2147483647;
			files = (
				FF57C92B1B666D1B00157705 /* QMIdiomTests.swift in Sources */,
			);
			runOnlyForDeploymentPostprocessing = 0;
		};
/* End PBXSourcesBuildPhase section */

/* Begin PBXTargetDependency section */
		FF57C9261B666D1B00157705 /* PBXTargetDependency */ = {
			isa = PBXTargetDependency;
			target = FF57C90E1B666D1B00157705 /* QMIdiom */;
			targetProxy = FF57C9251B666D1B00157705 /* PBXContainerItemProxy */;
		};
/* End PBXTargetDependency section */

/* Begin PBXVariantGroup section */
		FF57C9181B666D1B00157705 /* Main.storyboard */ = {
			isa = PBXVariantGroup;
			children = (
				FF57C9191B666D1B00157705 /* Base */,
			);
			name = Main.storyboard;
			sourceTree = "<group>";
		};
		FF57C91D1B666D1B00157705 /* LaunchScreen.xib */ = {
			isa = PBXVariantGroup;
			children = (
				FF57C91E1B666D1B00157705 /* Base */,
			);
			name = LaunchScreen.xib;
			sourceTree = "<group>";
		};
/* End PBXVariantGroup section */

/* Begin XCBuildConfiguration section */
		FF57C92C1B666D1B00157705 /* Debug */ = {
			isa = XCBuildConfiguration;
			buildSettings = {
				ALWAYS_SEARCH_USER_PATHS = NO;
				CLANG_CXX_LANGUAGE_STANDARD = "gnu++0x";
				CLANG_CXX_LIBRARY = "libc++";
				CLANG_ENABLE_MODULES = YES;
				CLANG_ENABLE_OBJC_ARC = YES;
				CLANG_WARN_BOOL_CONVERSION = YES;
				CLANG_WARN_CONSTANT_CONVERSION = YES;
				CLANG_WARN_DIRECT_OBJC_ISA_USAGE = YES_ERROR;
				CLANG_WARN_EMPTY_BODY = YES;
				CLANG_WARN_ENUM_CONVERSION = YES;
				CLANG_WARN_INT_CONVERSION = YES;
				CLANG_WARN_OBJC_ROOT_CLASS = YES_ERROR;
				CLANG_WARN_UNREACHABLE_CODE = YES;
				CLANG_WARN__DUPLICATE_METHOD_MATCH = YES;
				"CODE_SIGN_IDENTITY[sdk=iphoneos*]" = "iPhone Developer";
				COPY_PHASE_STRIP = NO;
				DEBUG_INFORMATION_FORMAT = "dwarf-with-dsym";
				ENABLE_STRICT_OBJC_MSGSEND = YES;
				GCC_C_LANGUAGE_STANDARD = gnu99;
				GCC_DYNAMIC_NO_PIC = NO;
				GCC_NO_COMMON_BLOCKS = YES;
				GCC_OPTIMIZATION_LEVEL = 0;
				GCC_PREPROCESSOR_DEFINITIONS = (
					"DEBUG=1",
					"$(inherited)",
				);
				GCC_SYMBOLS_PRIVATE_EXTERN = NO;
				GCC_WARN_64_TO_32_BIT_CONVERSION = YES;
				GCC_WARN_ABOUT_RETURN_TYPE = YES_ERROR;
				GCC_WARN_UNDECLARED_SELECTOR = YES;
				GCC_WARN_UNINITIALIZED_AUTOS = YES_AGGRESSIVE;
				GCC_WARN_UNUSED_FUNCTION = YES;
				GCC_WARN_UNUSED_VARIABLE = YES;
				IPHONEOS_DEPLOYMENT_TARGET = 8.4;
				MTL_ENABLE_DEBUG_INFO = YES;
				ONLY_ACTIVE_ARCH = YES;
				SDKROOT = iphoneos;
				SWIFT_OPTIMIZATION_LEVEL = "-Onone";
				TARGETED_DEVICE_FAMILY = "1,2";
			};
			name = Debug;
		};
		FF57C92D1B666D1B00157705 /* Release */ = {
			isa = XCBuildConfiguration;
			buildSettings = {
				ALWAYS_SEARCH_USER_PATHS = NO;
				CLANG_CXX_LANGUAGE_STANDARD = "gnu++0x";
				CLANG_CXX_LIBRARY = "libc++";
				CLANG_ENABLE_MODULES = YES;
				CLANG_ENABLE_OBJC_ARC = YES;
				CLANG_WARN_BOOL_CONVERSION = YES;
				CLANG_WARN_CONSTANT_CONVERSION = YES;
				CLANG_WARN_DIRECT_OBJC_ISA_USAGE = YES_ERROR;
				CLANG_WARN_EMPTY_BODY = YES;
				CLANG_WARN_ENUM_CONVERSION = YES;
				CLANG_WARN_INT_CONVERSION = YES;
				CLANG_WARN_OBJC_ROOT_CLASS = YES_ERROR;
				CLANG_WARN_UNREACHABLE_CODE = YES;
				CLANG_WARN__DUPLICATE_METHOD_MATCH = YES;
				"CODE_SIGN_IDENTITY[sdk=iphoneos*]" = "iPhone Developer";
				COPY_PHASE_STRIP = NO;
				DEBUG_INFORMATION_FORMAT = "dwarf-with-dsym";
				ENABLE_NS_ASSERTIONS = NO;
				ENABLE_STRICT_OBJC_MSGSEND = YES;
				GCC_C_LANGUAGE_STANDARD = gnu99;
				GCC_NO_COMMON_BLOCKS = YES;
				GCC_WARN_64_TO_32_BIT_CONVERSION = YES;
				GCC_WARN_ABOUT_RETURN_TYPE = YES_ERROR;
				GCC_WARN_UNDECLARED_SELECTOR = YES;
				GCC_WARN_UNINITIALIZED_AUTOS = YES_AGGRESSIVE;
				GCC_WARN_UNUSED_FUNCTION = YES;
				GCC_WARN_UNUSED_VARIABLE = YES;
				IPHONEOS_DEPLOYMENT_TARGET = 8.4;
				MTL_ENABLE_DEBUG_INFO = NO;
				SDKROOT = iphoneos;
				TARGETED_DEVICE_FAMILY = "1,2";
				VALIDATE_PRODUCT = YES;
			};
			name = Release;
		};
		FF57C92F1B666D1B00157705 /* Debug */ = {
			isa = XCBuildConfiguration;
			buildSettings = {
				ASSETCATALOG_COMPILER_APPICON_NAME = AppIcon;
				INFOPLIST_FILE = QMIdiom/Info.plist;
				LD_RUNPATH_SEARCH_PATHS = "$(inherited) @executable_path/Frameworks";
				PRODUCT_NAME = "$(TARGET_NAME)";
			};
			name = Debug;
		};
		FF57C9301B666D1B00157705 /* Release */ = {
			isa = XCBuildConfiguration;
			buildSettings = {
				ASSETCATALOG_COMPILER_APPICON_NAME = AppIcon;
				INFOPLIST_FILE = QMIdiom/Info.plist;
				LD_RUNPATH_SEARCH_PATHS = "$(inherited) @executable_path/Frameworks";
				PRODUCT_NAME = "$(TARGET_NAME)";
			};
			name = Release;
		};
		FF57C9321B666D1B00157705 /* Debug */ = {
			isa = XCBuildConfiguration;
			buildSettings = {
				BUNDLE_LOADER = "$(TEST_HOST)";
				FRAMEWORK_SEARCH_PATHS = (
					"$(SDKROOT)/Developer/Library/Frameworks",
					"$(inherited)",
				);
				GCC_PREPROCESSOR_DEFINITIONS = (
					"DEBUG=1",
					"$(inherited)",
				);
				INFOPLIST_FILE = QMIdiomTests/Info.plist;
				LD_RUNPATH_SEARCH_PATHS = "$(inherited) @executable_path/Frameworks @loader_path/Frameworks";
				PRODUCT_NAME = "$(TARGET_NAME)";
				TEST_HOST = "$(BUILT_PRODUCTS_DIR)/QMIdiom.app/QMIdiom";
			};
			name = Debug;
		};
		FF57C9331B666D1B00157705 /* Release */ = {
			isa = XCBuildConfiguration;
			buildSettings = {
				BUNDLE_LOADER = "$(TEST_HOST)";
				FRAMEWORK_SEARCH_PATHS = (
					"$(SDKROOT)/Developer/Library/Frameworks",
					"$(inherited)",
				);
				INFOPLIST_FILE = QMIdiomTests/Info.plist;
				LD_RUNPATH_SEARCH_PATHS = "$(inherited) @executable_path/Frameworks @loader_path/Frameworks";
				PRODUCT_NAME = "$(TARGET_NAME)";
				TEST_HOST = "$(BUILT_PRODUCTS_DIR)/QMIdiom.app/QMIdiom";
			};
			name = Release;
		};
/* End XCBuildConfiguration section */

/* Begin XCConfigurationList section */
		FF57C90A1B666D1B00157705 /* Build configuration list for PBXProject "QMIdiom" */ = {
			isa = XCConfigurationList;
			buildConfigurations = (
				FF57C92C1B666D1B00157705 /* Debug */,
				FF57C92D1B666D1B00157705 /* Release */,
			);
			defaultConfigurationIsVisible = 0;
			defaultConfigurationName = Release;
		};
		FF57C92E1B666D1B00157705 /* Build configuration list for PBXNativeTarget "QMIdiom" */ = {
			isa = XCConfigurationList;
			buildConfigurations = (
				FF57C92F1B666D1B00157705 /* Debug */,
				FF57C9301B666D1B00157705 /* Release */,
			);
			defaultConfigurationIsVisible = 0;
			defaultConfigurationName = Release;
		};
		FF57C9311B666D1B00157705 /* Build configuration list for PBXNativeTarget "QMIdiomTests" */ = {
			isa = XCConfigurationList;
			buildConfigurations = (
				FF57C9321B666D1B00157705 /* Debug */,
				FF57C9331B666D1B00157705 /* Release */,
			);
			defaultConfigurationIsVisible = 0;
			defaultConfigurationName = Release;
		};
/* End XCConfigurationList section */
	};
	rootObject = FF57C9071B666D1B00157705 /* Project object */;
}
